
Microsoft Visual Studio Solution File, Format Version 12.00
# Visual Studio Version 16
VisualStudioVersion = 16.0.30309.148
MinimumVisualStudioVersion = 10.0.40219.1
Project("{FAE04EC0-301F-11D3-BF4B-00C04F79EFBC}") = "jackboxapp", "jackboxapp.csproj", "{60A39EA7-6E17-40D7-A517-5A64C238C3E7}"
EndProject
Project("{2150E333-8FDC-42A3-9474-1A3956D46DE8}") = "Solution Items", "Solution Items", "{79493A18-9A71-4093-9723-EB0177CD5543}"
	ProjectSection(SolutionItems) = preProject
		Class1.cs = Class1.cs
	EndProjectSection
EndProject
Global
	GlobalSection(SolutionConfigurationPlatforms) = preSolution
		Debug|Any CPU = Debug|Any CPU
		Release|Any CPU = Release|Any CPU
	EndGlobalSection
	GlobalSection(ProjectConfigurationPlatforms) = postSolution
		{60A39EA7-6E17-40D7-A517-5A64C238C3E7}.Debug|Any CPU.ActiveCfg = Debug|Any CPU
		{60A39EA7-6E17-40D7-A517-5A64C238C3E7}.Debug|Any CPU.Build.0 = Debug|Any CPU
		{60A39EA7-6E17-40D7-A517-5A64C238C3E7}.Release|Any CPU.ActiveCfg = Release|Any CPU
		{60A39EA7-6E17-40D7-A517-5A64C238C3E7}.Release|Any CPU.Build.0 = Release|Any CPU
	EndGlobalSection
	GlobalSection(SolutionProperties) = preSolution
		HideSolutionNode = FALSE
	EndGlobalSection
	GlobalSection(ExtensibilityGlobals) = postSolution
		SolutionGuid = {AA19C590-F54A-4DEB-8D76-501A778AD803}
	EndGlobalSection
EndGlobal
